dependencies:
- name: magda
  repository: oci://ghcr.io/magda-io/charts
  version: 2.2.0
- name: magda-auth-internal
  repository: oci://ghcr.io/magda-io/charts
  version: 2.0.0
- name: magda-ckan-connector
  repository: oci://ghcr.io/magda-io/charts
  version: 2.0.0
digest: sha256:a16875eb86b4f44dd2020db6f49389a32627b9fe33abf13e8ba3a28544b26b8a
generated: "2022-12-23T14:50:23.921657+11:00"
