dependencies:
- name: magda
  repository: oci://ghcr.io/magda-io/charts
  version: 2.2.0
- name: magda-auth-internal
  repository: oci://ghcr.io/magda-io/charts
  version: 2.0.0-alpha.0
- name: magda-ckan-connector
  repository: oci://ghcr.io/magda-io/charts
  version: 2.0.0
digest: sha256:6e892e1d3559ee03ad089421cea1ebedd0d865b676b084c6359519984010d022
generated: "2022-12-23T14:01:26.91951+11:00"
